// !$*UTF8*$!
{
	archiveVersion = 1;
	classes = {
	};
	objectVersion = 50;
	objects = {

/* Begin PBXBuildFile section */
		444BFE822582400E00A656F1 /* AppDelegate.swift in Sources */ = {isa = PBXBuildFile; fileRef = 444BFE812582400E00A656F1 /* AppDelegate.swift */; };
		444BFE842582400E00A656F1 /* SceneDelegate.swift in Sources */ = {isa = PBXBuildFile; fileRef = 444BFE832582400E00A656F1 /* SceneDelegate.swift */; };
		444BFE862582400E00A656F1 /* ViewController.swift in Sources */ = {isa = PBXBuildFile; fileRef = 444BFE852582400E00A656F1 /* ViewController.swift */; };
		444BFE892582400E00A656F1 /* Main.storyboard in Resources */ = {isa = PBXBuildFile; fileRef = 444BFE872582400E00A656F1 /* Main.storyboard */; };
		444BFE8C2582400E00A656F1 /* MyCars.xcdatamodeld in Sources */ = {isa = PBXBuildFile; fileRef = 444BFE8A2582400E00A656F1 /* MyCars.xcdatamodeld */; };
		444BFE8E2582400F00A656F1 /* Assets.xcassets in Resources */ = {isa = PBXBuildFile; fileRef = 444BFE8D2582400F00A656F1 /* Assets.xcassets */; };
		444BFE912582400F00A656F1 /* LaunchScreen.storyboard in Resources */ = {isa = PBXBuildFile; fileRef = 444BFE8F2582400F00A656F1 /* LaunchScreen.storyboard */; };
		444BFE9C25825E0700A656F1 /* data.plist in Resources */ = {isa = PBXBuildFile; fileRef = 444BFE9B25825E0700A656F1 /* data.plist */; };
/* End PBXBuildFile section */

/* Begin PBXFileReference section */
		444BFE7E2582400E00A656F1 /* MyCars.app */ = {isa = PBXFileReference; explicitFileType = wrapper.application; includeInIndex = 0; path = MyCars.app; sourceTree = BUILT_PRODUCTS_DIR; };
		444BFE812582400E00A656F1 /* AppDelegate.swift */ = {isa = PBXFileReference; lastKnownFileType = sourcecode.swift; path = AppDelegate.swift; sourceTree = "<group>"; };
		444BFE832582400E00A656F1 /* SceneDelegate.swift */ = {isa = PBXFileReference; lastKnownFileType = sourcecode.swift; path = SceneDelegate.swift; sourceTree = "<group>"; };
		444BFE852582400E00A656F1 /* ViewController.swift */ = {isa = PBXFileReference; lastKnownFileType = sourcecode.swift; path = ViewController.swift; sourceTree = "<group>"; };
		444BFE882582400E00A656F1 /* Base */ = {isa = PBXFileReference; lastKnownFileType = file.storyboard; name = Base; path = Base.lproj/Main.storyboard; sourceTree = "<group>"; };
		444BFE8B2582400E00A656F1 /* MyCars.xcdatamodel */ = {isa = PBXFileReference; lastKnownFileType = wrapper.xcdatamodel; path = MyCars.xcdatamodel; sourceTree = "<group>"; };
		444BFE8D2582400F00A656F1 /* Assets.xcassets */ = {isa = PBXFileReference; lastKnownFileType = folder.assetcatalog; path = Assets.xcassets; sourceTree = "<group>"; };
		444BFE902582400F00A656F1 /* Base */ = {isa = PBXFileReference; lastKnownFileType = file.storyboard; name = Base; path = Base.lproj/LaunchScreen.storyboard; sourceTree = "<group>"; };
		444BFE922582400F00A656F1 /* Info.plist */ = {isa = PBXFileReference; lastKnownFileType = text.plist.xml; path = Info.plist; sourceTree = "<group>"; };
		444BFE9B25825E0700A656F1 /* data.plist */ = {isa = PBXFileReference; lastKnownFileType = text.plist.xml; name = data.plist; path = "../../../The Basics Core Data/MyCars/MyCars/data.plist"; sourceTree = "<group>"; };
/* End PBXFileReference section */

/* Begin PBXFrameworksBuildPhase section */
		444BFE7B2582400E00A656F1 /* Frameworks */ = {
			isa = PBXFrameworksBuildPhase;
			buildActionMask = 2147483647;
			files = (
			);
			runOnlyForDeploymentPostprocessing = 0;
		};
/* End PBXFrameworksBuildPhase section */

/* Begin PBXGroup section */
		444BFE752582400E00A656F1 = {
			isa = PBXGroup;
			children = (
				444BFE802582400E00A656F1 /* MyCars */,
				444BFE7F2582400E00A656F1 /* Products */,
			);
			sourceTree = "<group>";
		};
		444BFE7F2582400E00A656F1 /* Products */ = {
			isa = PBXGroup;
			children = (
				444BFE7E2582400E00A656F1 /* MyCars.app */,
			);
			name = Products;
			sourceTree = "<group>";
		};
		444BFE802582400E00A656F1 /* MyCars */ = {
			isa = PBXGroup;
			children = (
				444BFE812582400E00A656F1 /* AppDelegate.swift */,
				444BFE832582400E00A656F1 /* SceneDelegate.swift */,
				444BFE852582400E00A656F1 /* ViewController.swift */,
				444BFE872582400E00A656F1 /* Main.storyboard */,
				444BFE8D2582400F00A656F1 /* Assets.xcassets */,
				444BFE8F2582400F00A656F1 /* LaunchScreen.storyboard */,
				444BFE9B25825E0700A656F1 /* data.plist */,
				444BFE922582400F00A656F1 /* Info.plist */,
				444BFE8A2582400E00A656F1 /* MyCars.xcdatamodeld */,
			);
			path = MyCars;
			sourceTree = "<group>";
		};
/* End PBXGroup section */

/* Begin PBXNativeTarget section */
		444BFE7D2582400E00A656F1 /* MyCars */ = {
			isa = PBXNativeTarget;
			buildConfigurationList = 444BFE952582400F00A656F1 /* Build configuration list for PBXNativeTarget "MyCars" */;
			buildPhases = (
				444BFE7A2582400E00A656F1 /* Sources */,
				444BFE7B2582400E00A656F1 /* Frameworks */,
				444BFE7C2582400E00A656F1 /* Resources */,
			);
			buildRules = (
			);
			dependencies = (
			);
			name = MyCars;
			productName = MyCars;
			productReference = 444BFE7E2582400E00A656F1 /* MyCars.app */;
			productType = "com.apple.product-type.application";
		};
/* End PBXNativeTarget section */

/* Begin PBXProject section */
		444BFE762582400E00A656F1 /* Project object */ = {
			isa = PBXProject;
			attributes = {
				LastSwiftUpdateCheck = 1220;
				LastUpgradeCheck = 1220;
				TargetAttributes = {
					444BFE7D2582400E00A656F1 = {
						CreatedOnToolsVersion = 12.2;
					};
				};
			};
			buildConfigurationList = 444BFE792582400E00A656F1 /* Build configuration list for PBXProject "MyCars" */;
			compatibilityVersion = "Xcode 9.3";
			developmentRegion = en;
			hasScannedForEncodings = 0;
			knownRegions = (
				en,
				Base,
			);
			mainGroup = 444BFE752582400E00A656F1;
			productRefGroup = 444BFE7F2582400E00A656F1 /* Products */;
			projectDirPath = "";
			projectRoot = "";
			targets = (
				444BFE7D2582400E00A656F1 /* MyCars */,
			);
		};
/* End PBXProject section */

/* Begin PBXResourcesBuildPhase section */
		444BFE7C2582400E00A656F1 /* Resources */ = {
			isa = PBXResourcesBuildPhase;
			buildActionMask = 2147483647;
			files = (
				444BFE912582400F00A656F1 /* LaunchScreen.storyboard in Resources */,
				444BFE8E2582400F00A656F1 /* Assets.xcassets in Resources */,
				444BFE9C25825E0700A656F1 /* data.plist in Resources */,
				444BFE892582400E00A656F1 /* Main.storyboard in Resources */,
			);
			runOnlyForDeploymentPostprocessing = 0;
		};
/* End PBXResourcesBuildPhase section */

/* Begin PBXSourcesBuildPhase section */
		444BFE7A2582400E00A656F1 /* Sources */ = {
			isa = PBXSourcesBuildPhase;
			buildActionMask = 2147483647;
			files = (
				444BFE862582400E00A656F1 /* ViewController.swift in Sources */,
				444BFE822582400E00A656F1 /* AppDelegate.swift in Sources */,
				444BFE8C2582400E00A656F1 /* MyCars.xcdatamodeld in Sources */,
				444BFE842582400E00A656F1 /* SceneDelegate.swift in Sources */,
			);
			runOnlyForDeploymentPostprocessing = 0;
		};
/* End PBXSourcesBuildPhase section */

/* Begin PBXVariantGroup section */
		444BFE872582400E00A656F1 /* Main.storyboard */ = {
			isa = PBXVariantGroup;
			children = (
				444BFE882582400E00A656F1 /* Base */,
			);
			name = Main.storyboard;
			sourceTree = "<group>";
		};
		444BFE8F2582400F00A656F1 /* LaunchScreen.storyboard */ = {
			isa = PBXVariantGroup;
			children = (
				444BFE902582400F00A656F1 /* Base */,
			);
			name = LaunchScreen.storyboard;
			sourceTree = "<group>";
		};
/* End PBXVariantGroup section */

/* Begin XCBuildConfiguration section */
		444BFE932582400F00A656F1 /* Debug */ = {
			isa = XCBuildConfiguration;
			buildSettings = {
				ALWAYS_SEARCH_USER_PATHS = NO;
				CLANG_ANALYZER_NONNULL = YES;
				CLANG_ANALYZER_NUMBER_OBJECT_CONVERSION = YES_AGGRESSIVE;
				CLANG_CXX_LANGUAGE_STANDARD = "gnu++14";
				CLANG_CXX_LIBRARY = "libc++";
				CLANG_ENABLE_MODULES = YES;
				CLANG_ENABLE_OBJC_ARC = YES;
				CLANG_ENABLE_OBJC_WEAK = YES;
				CLANG_WARN_BLOCK_CAPTURE_AUTORELEASING = YES;
				CLANG_WARN_BOOL_CONVERSION = YES;
				CLANG_WARN_COMMA = YES;
				CLANG_WARN_CONSTANT_CONVERSION = YES;
				CLANG_WARN_DEPRECATED_OBJC_IMPLEMENTATIONS = YES;
				CLANG_WARN_DIRECT_OBJC_ISA_USAGE = YES_ERROR;
				CLANG_WARN_DOCUMENTATION_COMMENTS = YES;
				CLANG_WARN_EMPTY_BODY = YES;
				CLANG_WARN_ENUM_CONVERSION = YES;
				CLANG_WARN_INFINITE_RECURSION = YES;
				CLANG_WARN_INT_CONVERSION = YES;
				CLANG_WARN_NON_LITERAL_NULL_CONVERSION = YES;
				CLANG_WARN_OBJC_IMPLICIT_RETAIN_SELF = YES;
				CLANG_WARN_OBJC_LITERAL_CONVERSION = YES;
				CLANG_WARN_OBJC_ROOT_CLASS = YES_ERROR;
				CLANG_WARN_QUOTED_INCLUDE_IN_FRAMEWORK_HEADER = YES;
				CLANG_WARN_RANGE_LOOP_ANALYSIS = YES;
				CLANG_WARN_STRICT_PROTOTYPES = YES;
				CLANG_WARN_SUSPICIOUS_MOVE = YES;
				CLANG_WARN_UNGUARDED_AVAILABILITY = YES_AGGRESSIVE;
				CLANG_WARN_UNREACHABLE_CODE = YES;
				CLANG_WARN__DUPLICATE_METHOD_MATCH = YES;
				COPY_PHASE_STRIP = NO;
				DEBUG_INFORMATION_FORMAT = dwarf;
				ENABLE_STRICT_OBJC_MSGSEND = YES;
				ENABLE_TESTABILITY = YES;
				GCC_C_LANGUAGE_STANDARD = gnu11;
				GCC_DYNAMIC_NO_PIC = NO;
				GCC_NO_COMMON_BLOCKS = YES;
				GCC_OPTIMIZATION_LEVEL = 0;
				GCC_PREPROCESSOR_DEFINITIONS = (
					"DEBUG=1",
					"$(inherited)",
				);
				GCC_WARN_64_TO_32_BIT_CONVERSION = YES;
				GCC_WARN_ABOUT_RETURN_TYPE = YES_ERROR;
				GCC_WARN_UNDECLARED_SELECTOR = YES;
				GCC_WARN_UNINITIALIZED_AUTOS = YES_AGGRESSIVE;
				GCC_WARN_UNUSED_FUNCTION = YES;
				GCC_WARN_UNUSED_VARIABLE = YES;
				IPHONEOS_DEPLOYMENT_TARGET = 14.2;
				MTL_ENABLE_DEBUG_INFO = INCLUDE_SOURCE;
				MTL_FAST_MATH = YES;
				ONLY_ACTIVE_ARCH = YES;
				SDKROOT = iphoneos;
				SWIFT_ACTIVE_COMPILATION_CONDITIONS = DEBUG;
				SWIFT_OPTIMIZATION_LEVEL = "-Onone";
			};
			name = Debug;
		};
		444BFE942582400F00A656F1 /* Release */ = {
			isa = XCBuildConfiguration;
			buildSettings = {
				ALWAYS_SEARCH_USER_PATHS = NO;
				CLANG_ANALYZER_NONNULL = YES;
				CLANG_ANALYZER_NUMBER_OBJECT_CONVERSION = YES_AGGRESSIVE;
				CLANG_CXX_LANGUAGE_STANDARD = "gnu++14";
				CLANG_CXX_LIBRARY = "libc++";
				CLANG_ENABLE_MODULES = YES;
				CLANG_ENABLE_OBJC_ARC = YES;
				CLANG_ENABLE_OBJC_WEAK = YES;
				CLANG_WARN_BLOCK_CAPTURE_AUTORELEASING = YES;
				CLANG_WARN_BOOL_CONVERSION = YES;
				CLANG_WARN_COMMA = YES;
				CLANG_WARN_CONSTANT_CONVERSION = YES;
				CLANG_WARN_DEPRECATED_OBJC_IMPLEMENTATIONS = YES;
				CLANG_WARN_DIRECT_OBJC_ISA_USAGE = YES_ERROR;
				CLANG_WARN_DOCUMENTATION_COMMENTS = YES;
				CLANG_WARN_EMPTY_BODY = YES;
				CLANG_WARN_ENUM_CONVERSION = YES;
				CLANG_WARN_INFINITE_RECURSION = YES;
				CLANG_WARN_INT_CONVERSION = YES;
				CLANG_WARN_NON_LITERAL_NULL_CONVERSION = YES;
				CLANG_WARN_OBJC_IMPLICIT_RETAIN_SELF = YES;
				CLANG_WARN_OBJC_LITERAL_CONVERSION = YES;
				CLANG_WARN_OBJC_ROOT_CLASS = YES_ERROR;
				CLANG_WARN_QUOTED_INCLUDE_IN_FRAMEWORK_HEADER = YES;
				CLANG_WARN_RANGE_LOOP_ANALYSIS = YES;
				CLANG_WARN_STRICT_PROTOTYPES = YES;
				CLANG_WARN_SUSPICIOUS_MOVE = YES;
				CLANG_WARN_UNGUARDED_AVAILABILITY = YES_AGGRESSIVE;
				CLANG_WARN_UNREACHABLE_CODE = YES;
				CLANG_WARN__DUPLICATE_METHOD_MATCH = YES;
				COPY_PHASE_STRIP = NO;
				DEBUG_INFORMATION_FORMAT = "dwarf-with-dsym";
				ENABLE_NS_ASSERTIONS = NO;
				ENABLE_STRICT_OBJC_MSGSEND = YES;
				GCC_C_LANGUAGE_STANDARD = gnu11;
				GCC_NO_COMMON_BLOCKS = YES;
				GCC_WARN_64_TO_32_BIT_CONVERSION = YES;
				GCC_WARN_ABOUT_RETURN_TYPE = YES_ERROR;
				GCC_WARN_UNDECLARED_SELECTOR = YES;
				GCC_WARN_UNINITIALIZED_AUTOS = YES_AGGRESSIVE;
				GCC_WARN_UNUSED_FUNCTION = YES;
				GCC_WARN_UNUSED_VARIABLE = YES;
				IPHONEOS_DEPLOYMENT_TARGET = 14.2;
				MTL_ENABLE_DEBUG_INFO = NO;
				MTL_FAST_MATH = YES;
				SDKROOT = iphoneos;
				SWIFT_COMPILATION_MODE = wholemodule;
				SWIFT_OPTIMIZATION_LEVEL = "-O";
				VALIDATE_PRODUCT = YES;
			};
			name = Release;
		};
		444BFE962582400F00A656F1 /* Debug */ = {
			isa = XCBuildConfiguration;
			buildSettings = {
				ASSETCATALOG_COMPILER_APPICON_NAME = AppIcon;
				ASSETCATALOG_COMPILER_GLOBAL_ACCENT_COLOR_NAME = AccentColor;
				CODE_SIGN_STYLE = Automatic;
				DEVELOPMENT_TEAM = 84N4PJWN7L;
				INFOPLIST_FILE = MyCars/Info.plist;
				IPHONEOS_DEPLOYMENT_TARGET = 14.0;
				LD_RUNPATH_SEARCH_PATHS = (
					"$(inherited)",
					"@executable_path/Frameworks",
				);
				PRODUCT_BUNDLE_IDENTIFIER = "Nikita-Kogolenok.MyCars";
				PRODUCT_NAME = "$(TARGET_NAME)";
				SWIFT_VERSION = 5.0;
				TARGETED_DEVICE_FAMILY = 1;
			};
			name = Debug;
		};
		444BFE972582400F00A656F1 /* Release */ = {
			isa = XCBuildConfiguration;
			buildSettings = {
				ASSETCATALOG_COMPILER_APPICON_NAME = AppIcon;
				ASSETCATALOG_COMPILER_GLOBAL_ACCENT_COLOR_NAME = AccentColor;
				CODE_SIGN_STYLE = Automatic;
				DEVELOPMENT_TEAM = 84N4PJWN7L;
				INFOPLIST_FILE = MyCars/Info.plist;
				IPHONEOS_DEPLOYMENT_TARGET = 14.0;
				LD_RUNPATH_SEARCH_PATHS = (
					"$(inherited)",
					"@executable_path/Frameworks",
				);
				PRODUCT_BUNDLE_IDENTIFIER = "Nikita-Kogolenok.MyCars";
				PRODUCT_NAME = "$(TARGET_NAME)";
				SWIFT_VERSION = 5.0;
				TARGETED_DEVICE_FAMILY = 1;
			};
			name = Release;
		};
/* End XCBuildConfiguration section */

/* Begin XCConfigurationList section */
		444BFE792582400E00A656F1 /* Build configuration list for PBXProject "MyCars" */ = {
			isa = XCConfigurationList;
			buildConfigurations = (
				444BFE932582400F00A656F1 /* Debug */,
				444BFE942582400F00A656F1 /* Release */,
			);
			defaultConfigurationIsVisible = 0;
			defaultConfigurationName = Release;
		};
		444BFE952582400F00A656F1 /* Build configuration list for PBXNativeTarget "MyCars" */ = {
			isa = XCConfigurationList;
			buildConfigurations = (
				444BFE962582400F00A656F1 /* Debug */,
				444BFE972582400F00A656F1 /* Release */,
			);
			defaultConfigurationIsVisible = 0;
			defaultConfigurationName = Release;
		};
/* End XCConfigurationList section */

/* Begin XCVersionGroup section */
		444BFE8A2582400E00A656F1 /* MyCars.xcdatamodeld */ = {
			isa = XCVersionGroup;
			children = (
				444BFE8B2582400E00A656F1 /* MyCars.xcdatamodel */,
			);
			currentVersion = 444BFE8B2582400E00A656F1 /* MyCars.xcdatamodel */;
			path = MyCars.xcdatamodeld;
			sourceTree = "<group>";
			versionGroupType = wrapper.xcdatamodel;
		};
/* End XCVersionGroup section */
	};
	rootObject = 444BFE762582400E00A656F1 /* Project object */;
}
